// !$*UTF8*$!
{
	archiveVersion = 1;
	classes = {
	};
	objectVersion = 55;
	objects = {

/* Begin PBXBuildFile section */
		8329D90D2726BDF0000949BB /* ExtensionVC.swift in Sources */ = {isa = PBXBuildFile; fileRef = 8329D90C2726BDF0000949BB /* ExtensionVC.swift */; };
		83CF019E272A965200E76996 /* CustomCellCategory.swift in Sources */ = {isa = PBXBuildFile; fileRef = 83CF019D272A965200E76996 /* CustomCellCategory.swift */; };
		83CF01A0272A966100E76996 /* CustomCell.swift in Sources */ = {isa = PBXBuildFile; fileRef = 83CF019F272A966100E76996 /* CustomCell.swift */; };
		83CF01A2272A969800E76996 /* MainViewController.swift in Sources */ = {isa = PBXBuildFile; fileRef = 83CF01A1272A969800E76996 /* MainViewController.swift */; };
		83CF01A4272A96FC00E76996 /* CastomCellViewModel.swift in Sources */ = {isa = PBXBuildFile; fileRef = 83CF01A3272A96FC00E76996 /* CastomCellViewModel.swift */; };
		EA3F493C27268C9D0055292D /* AppDelegate.swift in Sources */ = {isa = PBXBuildFile; fileRef = EA3F493B27268C9D0055292D /* AppDelegate.swift */; };
		EA3F493E27268C9D0055292D /* SceneDelegate.swift in Sources */ = {isa = PBXBuildFile; fileRef = EA3F493D27268C9D0055292D /* SceneDelegate.swift */; };
		EA3F494627268C9D0055292D /* incredible_trata.xcdatamodeld in Sources */ = {isa = PBXBuildFile; fileRef = EA3F494427268C9D0055292D /* incredible_trata.xcdatamodeld */; };
		EA3F494827268CA00055292D /* Assets.xcassets in Resources */ = {isa = PBXBuildFile; fileRef = EA3F494727268CA00055292D /* Assets.xcassets */; };
		EA3F495627268CA00055292D /* incredible_trataTests.swift in Sources */ = {isa = PBXBuildFile; fileRef = EA3F495527268CA00055292D /* incredible_trataTests.swift */; };
		EA3F496027268CA00055292D /* incredible_trataUITests.swift in Sources */ = {isa = PBXBuildFile; fileRef = EA3F495F27268CA00055292D /* incredible_trataUITests.swift */; };
		EA3F496227268CA00055292D /* incredible_trataUITestsLaunchTests.swift in Sources */ = {isa = PBXBuildFile; fileRef = EA3F496127268CA00055292D /* incredible_trataUITestsLaunchTests.swift */; };
		F65891A9272C3E6B005C142B /* SettingsViewController.swift in Sources */ = {isa = PBXBuildFile; fileRef = F65891A8272C3E6B005C142B /* SettingsViewController.swift */; };
		F65891AD272C49BA005C142B /* NavigationController.swift in Sources */ = {isa = PBXBuildFile; fileRef = F65891AC272C49BA005C142B /* NavigationController.swift */; };
		F65891AF272FCAD4005C142B /* SettingsView.swift in Sources */ = {isa = PBXBuildFile; fileRef = F65891AE272FCAD4005C142B /* SettingsView.swift */; };
		F65891B2272FED40005C142B /* SettingsCell.swift in Sources */ = {isa = PBXBuildFile; fileRef = F65891B1272FED40005C142B /* SettingsCell.swift */; };
		F65891B627301331005C142B /* SettingsCellModel.swift in Sources */ = {isa = PBXBuildFile; fileRef = F65891B527301331005C142B /* SettingsCellModel.swift */; };
		F65891B827312AC9005C142B /* RoundIcon.swift in Sources */ = {isa = PBXBuildFile; fileRef = F65891B727312AC9005C142B /* RoundIcon.swift */; };
		F68A78662726ABBF00874F0B /* AddItemBar.swift in Sources */ = {isa = PBXBuildFile; fileRef = F68A78652726ABBF00874F0B /* AddItemBar.swift */; };
		F68A786A2726E49F00874F0B /* RoundButton.swift in Sources */ = {isa = PBXBuildFile; fileRef = F68A78692726E49F00874F0B /* RoundButton.swift */; };
		F68A786E2727EAED00874F0B /* AddItemBarTextField.swift in Sources */ = {isa = PBXBuildFile; fileRef = F68A786D2727EAED00874F0B /* AddItemBarTextField.swift */; };
		F68A78722728523500874F0B /* Color.swift in Sources */ = {isa = PBXBuildFile; fileRef = F68A78712728523400874F0B /* Color.swift */; };
		F6F95FC2272995E8005202E2 /* CoreDataManager.swift in Sources */ = {isa = PBXBuildFile; fileRef = F6F95FC1272995E8005202E2 /* CoreDataManager.swift */; };
		F6F95FC427299979005202E2 /* DefaultsManager.swift in Sources */ = {isa = PBXBuildFile; fileRef = F6F95FC327299979005202E2 /* DefaultsManager.swift */; };
		F6F95FD2272A7AD5005202E2 /* Currency+CoreDataClass.swift in Sources */ = {isa = PBXBuildFile; fileRef = F6F95FCE272A7AD5005202E2 /* Currency+CoreDataClass.swift */; };
		F6F95FD4272A7AD5005202E2 /* Record+CoreDataClass.swift in Sources */ = {isa = PBXBuildFile; fileRef = F6F95FD0272A7AD5005202E2 /* Record+CoreDataClass.swift */; };
		F6F95FD5272A7AD5005202E2 /* Record+CoreDataProperties.swift in Sources */ = {isa = PBXBuildFile; fileRef = F6F95FD1272A7AD5005202E2 /* Record+CoreDataProperties.swift */; };
		F6F95FE0272A8C5C005202E2 /* UserSettings+CoreDataClass.swift in Sources */ = {isa = PBXBuildFile; fileRef = F6F95FDE272A8C5C005202E2 /* UserSettings+CoreDataClass.swift */; };
		F6F95FE1272A8C5C005202E2 /* UserSettings+CoreDataProperties.swift in Sources */ = {isa = PBXBuildFile; fileRef = F6F95FDF272A8C5C005202E2 /* UserSettings+CoreDataProperties.swift */; };
		F6F95FE7272A9C1D005202E2 /* NSManagedObject+CreateInContext.swift in Sources */ = {isa = PBXBuildFile; fileRef = F6F95FE6272A9C1D005202E2 /* NSManagedObject+CreateInContext.swift */; };
		F6FA5C5E272AE58F00C93A19 /* Currency+CoreDataProperties.swift in Sources */ = {isa = PBXBuildFile; fileRef = F6FA5C5C272AE58F00C93A19 /* Currency+CoreDataProperties.swift */; };
		F6FA5C69272BED4D00C93A19 /* CoreDataManager+Record.swift in Sources */ = {isa = PBXBuildFile; fileRef = F6FA5C68272BED4D00C93A19 /* CoreDataManager+Record.swift */; };
		F6FA5C6B272BEDE700C93A19 /* CoreDataManager+Currency.swift in Sources */ = {isa = PBXBuildFile; fileRef = F6FA5C6A272BEDE700C93A19 /* CoreDataManager+Currency.swift */; };
		F6FA5C6D272BEE2600C93A19 /* CoreDataManager+UserSettings.swift in Sources */ = {isa = PBXBuildFile; fileRef = F6FA5C6C272BEE2600C93A19 /* CoreDataManager+UserSettings.swift */; };
/* End PBXBuildFile section */

/* Begin PBXContainerItemProxy section */
		EA3F495227268CA00055292D /* PBXContainerItemProxy */ = {
			isa = PBXContainerItemProxy;
			containerPortal = EA3F493027268C9D0055292D /* Project object */;
			proxyType = 1;
			remoteGlobalIDString = EA3F493727268C9D0055292D;
			remoteInfo = incredible_trata;
		};
		EA3F495C27268CA00055292D /* PBXContainerItemProxy */ = {
			isa = PBXContainerItemProxy;
			containerPortal = EA3F493027268C9D0055292D /* Project object */;
			proxyType = 1;
			remoteGlobalIDString = EA3F493727268C9D0055292D;
			remoteInfo = incredible_trata;
		};
/* End PBXContainerItemProxy section */

/* Begin PBXFileReference section */
		8329D90C2726BDF0000949BB /* ExtensionVC.swift */ = {isa = PBXFileReference; lastKnownFileType = sourcecode.swift; path = ExtensionVC.swift; sourceTree = "<group>"; };
		83CF019D272A965200E76996 /* CustomCellCategory.swift */ = {isa = PBXFileReference; fileEncoding = 4; lastKnownFileType = sourcecode.swift; name = CustomCellCategory.swift; path = View/CustomCellCategory.swift; sourceTree = "<group>"; };
		83CF019F272A966100E76996 /* CustomCell.swift */ = {isa = PBXFileReference; fileEncoding = 4; lastKnownFileType = sourcecode.swift; name = CustomCell.swift; path = View/CustomCell.swift; sourceTree = "<group>"; };
		83CF01A1272A969800E76996 /* MainViewController.swift */ = {isa = PBXFileReference; fileEncoding = 4; lastKnownFileType = sourcecode.swift; name = MainViewController.swift; path = incredible_trata/Models/Main/MainViewController.swift; sourceTree = SOURCE_ROOT; };
		83CF01A3272A96FC00E76996 /* CastomCellViewModel.swift */ = {isa = PBXFileReference; fileEncoding = 4; lastKnownFileType = sourcecode.swift; name = CastomCellViewModel.swift; path = ViewModel/CastomCellViewModel.swift; sourceTree = "<group>"; };
		EA3F493827268C9D0055292D /* incredible_trata.app */ = {isa = PBXFileReference; explicitFileType = wrapper.application; includeInIndex = 0; path = incredible_trata.app; sourceTree = BUILT_PRODUCTS_DIR; };
		EA3F493B27268C9D0055292D /* AppDelegate.swift */ = {isa = PBXFileReference; lastKnownFileType = sourcecode.swift; path = AppDelegate.swift; sourceTree = "<group>"; };
		EA3F493D27268C9D0055292D /* SceneDelegate.swift */ = {isa = PBXFileReference; lastKnownFileType = sourcecode.swift; path = SceneDelegate.swift; sourceTree = "<group>"; };
		EA3F494527268C9D0055292D /* incredible_trata.xcdatamodel */ = {isa = PBXFileReference; lastKnownFileType = wrapper.xcdatamodel; path = incredible_trata.xcdatamodel; sourceTree = "<group>"; };
		EA3F494727268CA00055292D /* Assets.xcassets */ = {isa = PBXFileReference; lastKnownFileType = folder.assetcatalog; path = Assets.xcassets; sourceTree = "<group>"; };
		EA3F494C27268CA00055292D /* Info.plist */ = {isa = PBXFileReference; lastKnownFileType = text.plist.xml; path = Info.plist; sourceTree = "<group>"; };
		EA3F495127268CA00055292D /* incredible_trataTests.xctest */ = {isa = PBXFileReference; explicitFileType = wrapper.cfbundle; includeInIndex = 0; path = incredible_trataTests.xctest; sourceTree = BUILT_PRODUCTS_DIR; };
		EA3F495527268CA00055292D /* incredible_trataTests.swift */ = {isa = PBXFileReference; lastKnownFileType = sourcecode.swift; path = incredible_trataTests.swift; sourceTree = "<group>"; };
		EA3F495B27268CA00055292D /* incredible_trataUITests.xctest */ = {isa = PBXFileReference; explicitFileType = wrapper.cfbundle; includeInIndex = 0; path = incredible_trataUITests.xctest; sourceTree = BUILT_PRODUCTS_DIR; };
		EA3F495F27268CA00055292D /* incredible_trataUITests.swift */ = {isa = PBXFileReference; lastKnownFileType = sourcecode.swift; path = incredible_trataUITests.swift; sourceTree = "<group>"; };
		EA3F496127268CA00055292D /* incredible_trataUITestsLaunchTests.swift */ = {isa = PBXFileReference; lastKnownFileType = sourcecode.swift; path = incredible_trataUITestsLaunchTests.swift; sourceTree = "<group>"; };
		F65891A8272C3E6B005C142B /* SettingsViewController.swift */ = {isa = PBXFileReference; lastKnownFileType = sourcecode.swift; path = SettingsViewController.swift; sourceTree = "<group>"; };
		F65891AC272C49BA005C142B /* NavigationController.swift */ = {isa = PBXFileReference; lastKnownFileType = sourcecode.swift; path = NavigationController.swift; sourceTree = "<group>"; };
		F65891AE272FCAD4005C142B /* SettingsView.swift */ = {isa = PBXFileReference; lastKnownFileType = sourcecode.swift; path = SettingsView.swift; sourceTree = "<group>"; };
		F65891B1272FED40005C142B /* SettingsCell.swift */ = {isa = PBXFileReference; lastKnownFileType = sourcecode.swift; path = SettingsCell.swift; sourceTree = "<group>"; };
		F65891B527301331005C142B /* SettingsCellModel.swift */ = {isa = PBXFileReference; lastKnownFileType = sourcecode.swift; path = SettingsCellModel.swift; sourceTree = "<group>"; };
		F65891B727312AC9005C142B /* RoundIcon.swift */ = {isa = PBXFileReference; lastKnownFileType = sourcecode.swift; path = RoundIcon.swift; sourceTree = "<group>"; };
		F68A78652726ABBF00874F0B /* AddItemBar.swift */ = {isa = PBXFileReference; lastKnownFileType = sourcecode.swift; path = AddItemBar.swift; sourceTree = "<group>"; };
		F68A78692726E49F00874F0B /* RoundButton.swift */ = {isa = PBXFileReference; lastKnownFileType = sourcecode.swift; path = RoundButton.swift; sourceTree = "<group>"; };
		F68A786D2727EAED00874F0B /* AddItemBarTextField.swift */ = {isa = PBXFileReference; lastKnownFileType = sourcecode.swift; path = AddItemBarTextField.swift; sourceTree = "<group>"; };
		F68A78712728523400874F0B /* Color.swift */ = {isa = PBXFileReference; lastKnownFileType = sourcecode.swift; path = Color.swift; sourceTree = "<group>"; };
		F6F95FC1272995E8005202E2 /* CoreDataManager.swift */ = {isa = PBXFileReference; lastKnownFileType = sourcecode.swift; path = CoreDataManager.swift; sourceTree = "<group>"; };
		F6F95FC327299979005202E2 /* DefaultsManager.swift */ = {isa = PBXFileReference; lastKnownFileType = sourcecode.swift; path = DefaultsManager.swift; sourceTree = "<group>"; };
		F6F95FCE272A7AD5005202E2 /* Currency+CoreDataClass.swift */ = {isa = PBXFileReference; lastKnownFileType = sourcecode.swift; path = "Currency+CoreDataClass.swift"; sourceTree = "<group>"; };
		F6F95FD0272A7AD5005202E2 /* Record+CoreDataClass.swift */ = {isa = PBXFileReference; lastKnownFileType = sourcecode.swift; path = "Record+CoreDataClass.swift"; sourceTree = "<group>"; };
		F6F95FD1272A7AD5005202E2 /* Record+CoreDataProperties.swift */ = {isa = PBXFileReference; lastKnownFileType = sourcecode.swift; path = "Record+CoreDataProperties.swift"; sourceTree = "<group>"; };
		F6F95FDE272A8C5C005202E2 /* UserSettings+CoreDataClass.swift */ = {isa = PBXFileReference; lastKnownFileType = sourcecode.swift; path = "UserSettings+CoreDataClass.swift"; sourceTree = "<group>"; };
		F6F95FDF272A8C5C005202E2 /* UserSettings+CoreDataProperties.swift */ = {isa = PBXFileReference; lastKnownFileType = sourcecode.swift; path = "UserSettings+CoreDataProperties.swift"; sourceTree = "<group>"; };
		F6F95FE6272A9C1D005202E2 /* NSManagedObject+CreateInContext.swift */ = {isa = PBXFileReference; lastKnownFileType = sourcecode.swift; path = "NSManagedObject+CreateInContext.swift"; sourceTree = "<group>"; };
		F6FA5C5C272AE58F00C93A19 /* Currency+CoreDataProperties.swift */ = {isa = PBXFileReference; lastKnownFileType = sourcecode.swift; path = "Currency+CoreDataProperties.swift"; sourceTree = "<group>"; };
		F6FA5C68272BED4D00C93A19 /* CoreDataManager+Record.swift */ = {isa = PBXFileReference; lastKnownFileType = sourcecode.swift; path = "CoreDataManager+Record.swift"; sourceTree = "<group>"; };
		F6FA5C6A272BEDE700C93A19 /* CoreDataManager+Currency.swift */ = {isa = PBXFileReference; lastKnownFileType = sourcecode.swift; path = "CoreDataManager+Currency.swift"; sourceTree = "<group>"; };
		F6FA5C6C272BEE2600C93A19 /* CoreDataManager+UserSettings.swift */ = {isa = PBXFileReference; lastKnownFileType = sourcecode.swift; path = "CoreDataManager+UserSettings.swift"; sourceTree = "<group>"; };
/* End PBXFileReference section */

/* Begin PBXFrameworksBuildPhase section */
		EA3F493527268C9D0055292D /* Frameworks */ = {
			isa = PBXFrameworksBuildPhase;
			buildActionMask = 2147483647;
			files = (
			);
			runOnlyForDeploymentPostprocessing = 0;
		};
		EA3F494E27268CA00055292D /* Frameworks */ = {
			isa = PBXFrameworksBuildPhase;
			buildActionMask = 2147483647;
			files = (
			);
			runOnlyForDeploymentPostprocessing = 0;
		};
		EA3F495827268CA00055292D /* Frameworks */ = {
			isa = PBXFrameworksBuildPhase;
			buildActionMask = 2147483647;
			files = (
			);
			runOnlyForDeploymentPostprocessing = 0;
		};
/* End PBXFrameworksBuildPhase section */

/* Begin PBXGroup section */
		8329D9032726B34B000949BB /* Extensions */ = {
			isa = PBXGroup;
			children = (
				8329D90A2726BD97000949BB /* ViewController */,
			);
			path = Extensions;
			sourceTree = "<group>";
		};
		8329D90A2726BD97000949BB /* ViewController */ = {
			isa = PBXGroup;
			children = (
				8329D90C2726BDF0000949BB /* ExtensionVC.swift */,
			);
			path = ViewController;
			sourceTree = "<group>";
		};
		83574759272A8E2E00FF0A3E /* New Group */ = {
			isa = PBXGroup;
			children = (
			);
			name = "New Group";
			path = View;
			sourceTree = "<group>";
		};
		8357475A272A8E4F00FF0A3E /* ViewModel */ = {
			isa = PBXGroup;
			children = (
				83CF01A3272A96FC00E76996 /* CastomCellViewModel.swift */,
			);
			name = ViewModel;
			sourceTree = "<group>";
		};
		8357475B272A901800FF0A3E /* View */ = {
			isa = PBXGroup;
			children = (
				83CF019D272A965200E76996 /* CustomCellCategory.swift */,
				83CF019F272A966100E76996 /* CustomCell.swift */,
			);
			name = View;
			sourceTree = "<group>";
		};
		EA3F492F27268C9D0055292D = {
			isa = PBXGroup;
			children = (
				EA3F493A27268C9D0055292D /* incredible_trata */,
				EA3F495427268CA00055292D /* incredible_trataTests */,
				EA3F495E27268CA00055292D /* incredible_trataUITests */,
				EA3F493927268C9D0055292D /* Products */,
			);
			sourceTree = "<group>";
		};
		EA3F493927268C9D0055292D /* Products */ = {
			isa = PBXGroup;
			children = (
				EA3F493827268C9D0055292D /* incredible_trata.app */,
				EA3F495127268CA00055292D /* incredible_trataTests.xctest */,
				EA3F495B27268CA00055292D /* incredible_trataUITests.xctest */,
			);
			name = Products;
			sourceTree = "<group>";
		};
		EA3F493A27268C9D0055292D /* incredible_trata */ = {
			isa = PBXGroup;
			children = (
				EA3F497427268E3E0055292D /* Resource */,
				F68A78632726AB8C00874F0B /* View */,
				EA3F497227268DEA0055292D /* Modules */,
				EA3F497127268DD60055292D /* Common */,
				EA3F497027268DC90055292D /* Models */,
				EA3F496E27268D900055292D /* Application */,
				EA3F494427268C9D0055292D /* incredible_trata.xcdatamodeld */,
			);
			path = incredible_trata;
			sourceTree = "<group>";
		};
		EA3F495427268CA00055292D /* incredible_trataTests */ = {
			isa = PBXGroup;
			children = (
				EA3F495527268CA00055292D /* incredible_trataTests.swift */,
			);
			path = incredible_trataTests;
			sourceTree = "<group>";
		};
		EA3F495E27268CA00055292D /* incredible_trataUITests */ = {
			isa = PBXGroup;
			children = (
				83574759272A8E2E00FF0A3E /* New Group */,
				EA3F495F27268CA00055292D /* incredible_trataUITests.swift */,
				EA3F496127268CA00055292D /* incredible_trataUITestsLaunchTests.swift */,
			);
			path = incredible_trataUITests;
			sourceTree = "<group>";
		};
		EA3F496E27268D900055292D /* Application */ = {
			isa = PBXGroup;
			children = (
				EA3F493B27268C9D0055292D /* AppDelegate.swift */,
				EA3F493D27268C9D0055292D /* SceneDelegate.swift */,
			);
			path = Application;
			sourceTree = "<group>";
		};
		EA3F497027268DC90055292D /* Models */ = {
			isa = PBXGroup;
			children = (
				F6F95FC327299979005202E2 /* DefaultsManager.swift */,
				8357475B272A901800FF0A3E /* View */,
				8357475A272A8E4F00FF0A3E /* ViewModel */,
				8329D9032726B34B000949BB /* Extensions */,
				F6F95FCD272A7AAE005202E2 /* CoreData */,
				EA3F497327268E1A0055292D /* Main */,
			);
			path = Models;
			sourceTree = "<group>";
		};
		EA3F497127268DD60055292D /* Common */ = {
			isa = PBXGroup;
			children = (
			);
			path = Common;
			sourceTree = "<group>";
		};
		EA3F497227268DEA0055292D /* Modules */ = {
			isa = PBXGroup;
			children = (
			);
			path = Modules;
			sourceTree = "<group>";
		};
		EA3F497327268E1A0055292D /* Main */ = {
			isa = PBXGroup;
			children = (
				83CF01A1272A969800E76996 /* MainViewController.swift */,
				F65891AC272C49BA005C142B /* NavigationController.swift */,
			);
			path = Main;
			sourceTree = "<group>";
		};
		EA3F497427268E3E0055292D /* Resource */ = {
			isa = PBXGroup;
			children = (
				EA3F494727268CA00055292D /* Assets.xcassets */,
				EA3F494C27268CA00055292D /* Info.plist */,
				F68A78712728523400874F0B /* Color.swift */,
			);
			path = Resource;
			sourceTree = "<group>";
		};
		F65891A7272C3E57005C142B /* Settings */ = {
			isa = PBXGroup;
			children = (
				F65891A8272C3E6B005C142B /* SettingsViewController.swift */,
				F65891AE272FCAD4005C142B /* SettingsView.swift */,
				F65891B1272FED40005C142B /* SettingsCell.swift */,
				F65891B527301331005C142B /* SettingsCellModel.swift */,
			);
			path = Settings;
			sourceTree = "<group>";
		};
		F65891B92731831A005C142B /* Other */ = {
			isa = PBXGroup;
			children = (
				F68A78692726E49F00874F0B /* RoundButton.swift */,
				F65891B727312AC9005C142B /* RoundIcon.swift */,
			);
			path = Other;
			sourceTree = "<group>";
		};
		F68A78632726AB8C00874F0B /* View */ = {
			isa = PBXGroup;
			children = (
				F65891B92731831A005C142B /* Other */,
				F65891A7272C3E57005C142B /* Settings */,
				F68A78642726AB9300874F0B /* AddItemBar */,
			);
			path = View;
			sourceTree = "<group>";
		};
		F68A78642726AB9300874F0B /* AddItemBar */ = {
			isa = PBXGroup;
			children = (
				F68A78652726ABBF00874F0B /* AddItemBar.swift */,
				F68A786D2727EAED00874F0B /* AddItemBarTextField.swift */,
			);
			path = AddItemBar;
			sourceTree = "<group>";
		};
		F6F95FCD272A7AAE005202E2 /* CoreData */ = {
			isa = PBXGroup;
			children = (
				F6F95FE6272A9C1D005202E2 /* NSManagedObject+CreateInContext.swift */,
				F6F95FC1272995E8005202E2 /* CoreDataManager.swift */,
				F6FA5C61272BE8C600C93A19 /* Record */,
				F6FA5C60272BE86800C93A19 /* Curency */,
				F6FA5C5F272BE85900C93A19 /* UserSettings */,
			);
			path = CoreData;
			sourceTree = "<group>";
		};
		F6FA5C5F272BE85900C93A19 /* UserSettings */ = {
			isa = PBXGroup;
			children = (
				F6F95FDE272A8C5C005202E2 /* UserSettings+CoreDataClass.swift */,
				F6F95FDF272A8C5C005202E2 /* UserSettings+CoreDataProperties.swift */,
				F6FA5C6C272BEE2600C93A19 /* CoreDataManager+UserSettings.swift */,
			);
			path = UserSettings;
			sourceTree = "<group>";
		};
		F6FA5C60272BE86800C93A19 /* Curency */ = {
			isa = PBXGroup;
			children = (
				F6F95FCE272A7AD5005202E2 /* Currency+CoreDataClass.swift */,
				F6FA5C5C272AE58F00C93A19 /* Currency+CoreDataProperties.swift */,
				F6FA5C6A272BEDE700C93A19 /* CoreDataManager+Currency.swift */,
			);
			path = Curency;
			sourceTree = "<group>";
		};
		F6FA5C61272BE8C600C93A19 /* Record */ = {
			isa = PBXGroup;
			children = (
				F6F95FD0272A7AD5005202E2 /* Record+CoreDataClass.swift */,
				F6F95FD1272A7AD5005202E2 /* Record+CoreDataProperties.swift */,
				F6FA5C68272BED4D00C93A19 /* CoreDataManager+Record.swift */,
			);
			path = Record;
			sourceTree = "<group>";
		};
/* End PBXGroup section */

/* Begin PBXNativeTarget section */
		EA3F493727268C9D0055292D /* incredible_trata */ = {
			isa = PBXNativeTarget;
			buildConfigurationList = EA3F496527268CA00055292D /* Build configuration list for PBXNativeTarget "incredible_trata" */;
			buildPhases = (
				EA3F493427268C9D0055292D /* Sources */,
				EA3F493527268C9D0055292D /* Frameworks */,
				EA3F493627268C9D0055292D /* Resources */,
			);
			buildRules = (
			);
			dependencies = (
			);
			name = incredible_trata;
			productName = incredible_trata;
			productReference = EA3F493827268C9D0055292D /* incredible_trata.app */;
			productType = "com.apple.product-type.application";
		};
		EA3F495027268CA00055292D /* incredible_trataTests */ = {
			isa = PBXNativeTarget;
			buildConfigurationList = EA3F496827268CA00055292D /* Build configuration list for PBXNativeTarget "incredible_trataTests" */;
			buildPhases = (
				EA3F494D27268CA00055292D /* Sources */,
				EA3F494E27268CA00055292D /* Frameworks */,
				EA3F494F27268CA00055292D /* Resources */,
			);
			buildRules = (
			);
			dependencies = (
				EA3F495327268CA00055292D /* PBXTargetDependency */,
			);
			name = incredible_trataTests;
			productName = incredible_trataTests;
			productReference = EA3F495127268CA00055292D /* incredible_trataTests.xctest */;
			productType = "com.apple.product-type.bundle.unit-test";
		};
		EA3F495A27268CA00055292D /* incredible_trataUITests */ = {
			isa = PBXNativeTarget;
			buildConfigurationList = EA3F496B27268CA00055292D /* Build configuration list for PBXNativeTarget "incredible_trataUITests" */;
			buildPhases = (
				EA3F495727268CA00055292D /* Sources */,
				EA3F495827268CA00055292D /* Frameworks */,
				EA3F495927268CA00055292D /* Resources */,
			);
			buildRules = (
			);
			dependencies = (
				EA3F495D27268CA00055292D /* PBXTargetDependency */,
			);
			name = incredible_trataUITests;
			productName = incredible_trataUITests;
			productReference = EA3F495B27268CA00055292D /* incredible_trataUITests.xctest */;
			productType = "com.apple.product-type.bundle.ui-testing";
		};
/* End PBXNativeTarget section */

/* Begin PBXProject section */
		EA3F493027268C9D0055292D /* Project object */ = {
			isa = PBXProject;
			attributes = {
				BuildIndependentTargetsInParallel = 1;
				LastSwiftUpdateCheck = 1300;
				LastUpgradeCheck = 1300;
				TargetAttributes = {
					EA3F493727268C9D0055292D = {
						CreatedOnToolsVersion = 13.0;
					};
					EA3F495027268CA00055292D = {
						CreatedOnToolsVersion = 13.0;
						TestTargetID = EA3F493727268C9D0055292D;
					};
					EA3F495A27268CA00055292D = {
						CreatedOnToolsVersion = 13.0;
						TestTargetID = EA3F493727268C9D0055292D;
					};
				};
			};
			buildConfigurationList = EA3F493327268C9D0055292D /* Build configuration list for PBXProject "incredible_trata" */;
			compatibilityVersion = "Xcode 13.0";
			developmentRegion = en;
			hasScannedForEncodings = 0;
			knownRegions = (
				en,
				Base,
			);
			mainGroup = EA3F492F27268C9D0055292D;
			productRefGroup = EA3F493927268C9D0055292D /* Products */;
			projectDirPath = "";
			projectRoot = "";
			targets = (
				EA3F493727268C9D0055292D /* incredible_trata */,
				EA3F495027268CA00055292D /* incredible_trataTests */,
				EA3F495A27268CA00055292D /* incredible_trataUITests */,
			);
		};
/* End PBXProject section */

/* Begin PBXResourcesBuildPhase section */
		EA3F493627268C9D0055292D /* Resources */ = {
			isa = PBXResourcesBuildPhase;
			buildActionMask = 2147483647;
			files = (
				EA3F494827268CA00055292D /* Assets.xcassets in Resources */,
			);
			runOnlyForDeploymentPostprocessing = 0;
		};
		EA3F494F27268CA00055292D /* Resources */ = {
			isa = PBXResourcesBuildPhase;
			buildActionMask = 2147483647;
			files = (
			);
			runOnlyForDeploymentPostprocessing = 0;
		};
		EA3F495927268CA00055292D /* Resources */ = {
			isa = PBXResourcesBuildPhase;
			buildActionMask = 2147483647;
			files = (
			);
			runOnlyForDeploymentPostprocessing = 0;
		};
/* End PBXResourcesBuildPhase section */

/* Begin PBXSourcesBuildPhase section */
		EA3F493427268C9D0055292D /* Sources */ = {
			isa = PBXSourcesBuildPhase;
			buildActionMask = 2147483647;
			files = (
				83CF01A2272A969800E76996 /* MainViewController.swift in Sources */,
				83CF019E272A965200E76996 /* CustomCellCategory.swift in Sources */,
				8329D90D2726BDF0000949BB /* ExtensionVC.swift in Sources */,
				F6F95FC427299979005202E2 /* DefaultsManager.swift in Sources */,
				F68A78722728523500874F0B /* Color.swift in Sources */,
				F6F95FC2272995E8005202E2 /* CoreDataManager.swift in Sources */,
				EA3F494627268C9D0055292D /* incredible_trata.xcdatamodeld in Sources */,
				F6F95FD5272A7AD5005202E2 /* Record+CoreDataProperties.swift in Sources */,
				F65891B827312AC9005C142B /* RoundIcon.swift in Sources */,
				F65891A9272C3E6B005C142B /* SettingsViewController.swift in Sources */,
				F6FA5C5E272AE58F00C93A19 /* Currency+CoreDataProperties.swift in Sources */,
				F6F95FD4272A7AD5005202E2 /* Record+CoreDataClass.swift in Sources */,
				F65891B627301331005C142B /* SettingsCellModel.swift in Sources */,
				EA3F493C27268C9D0055292D /* AppDelegate.swift in Sources */,
				83CF01A0272A966100E76996 /* CustomCell.swift in Sources */,
				F65891AD272C49BA005C142B /* NavigationController.swift in Sources */,
				EA3F493E27268C9D0055292D /* SceneDelegate.swift in Sources */,
				F6FA5C69272BED4D00C93A19 /* CoreDataManager+Record.swift in Sources */,
				F68A786E2727EAED00874F0B /* AddItemBarTextField.swift in Sources */,
				F65891B2272FED40005C142B /* SettingsCell.swift in Sources */,
				F6F95FE1272A8C5C005202E2 /* UserSettings+CoreDataProperties.swift in Sources */,
				F68A786A2726E49F00874F0B /* RoundButton.swift in Sources */,
				F6FA5C6D272BEE2600C93A19 /* CoreDataManager+UserSettings.swift in Sources */,
				F6F95FE7272A9C1D005202E2 /* NSManagedObject+CreateInContext.swift in Sources */,
				F65891AF272FCAD4005C142B /* SettingsView.swift in Sources */,
				F6F95FD2272A7AD5005202E2 /* Currency+CoreDataClass.swift in Sources */,
				F6F95FE0272A8C5C005202E2 /* UserSettings+CoreDataClass.swift in Sources */,
				F6FA5C6B272BEDE700C93A19 /* CoreDataManager+Currency.swift in Sources */,
				F68A78662726ABBF00874F0B /* AddItemBar.swift in Sources */,
				83CF01A4272A96FC00E76996 /* CastomCellViewModel.swift in Sources */,
			);
			runOnlyForDeploymentPostprocessing = 0;
		};
		EA3F494D27268CA00055292D /* Sources */ = {
			isa = PBXSourcesBuildPhase;
			buildActionMask = 2147483647;
			files = (
				EA3F495627268CA00055292D /* incredible_trataTests.swift in Sources */,
			);
			runOnlyForDeploymentPostprocessing = 0;
		};
		EA3F495727268CA00055292D /* Sources */ = {
			isa = PBXSourcesBuildPhase;
			buildActionMask = 2147483647;
			files = (
				EA3F496227268CA00055292D /* incredible_trataUITestsLaunchTests.swift in Sources */,
				EA3F496027268CA00055292D /* incredible_trataUITests.swift in Sources */,
			);
			runOnlyForDeploymentPostprocessing = 0;
		};
/* End PBXSourcesBuildPhase section */

/* Begin PBXTargetDependency section */
		EA3F495327268CA00055292D /* PBXTargetDependency */ = {
			isa = PBXTargetDependency;
			target = EA3F493727268C9D0055292D /* incredible_trata */;
			targetProxy = EA3F495227268CA00055292D /* PBXContainerItemProxy */;
		};
		EA3F495D27268CA00055292D /* PBXTargetDependency */ = {
			isa = PBXTargetDependency;
			target = EA3F493727268C9D0055292D /* incredible_trata */;
			targetProxy = EA3F495C27268CA00055292D /* PBXContainerItemProxy */;
		};
/* End PBXTargetDependency section */

/* Begin XCBuildConfiguration section */
		EA3F496327268CA00055292D /* Debug */ = {
			isa = XCBuildConfiguration;
			buildSettings = {
				ALWAYS_SEARCH_USER_PATHS = NO;
				CLANG_ANALYZER_NONNULL = YES;
				CLANG_ANALYZER_NUMBER_OBJECT_CONVERSION = YES_AGGRESSIVE;
				CLANG_CXX_LANGUAGE_STANDARD = "gnu++17";
				CLANG_CXX_LIBRARY = "libc++";
				CLANG_ENABLE_MODULES = YES;
				CLANG_ENABLE_OBJC_ARC = YES;
				CLANG_ENABLE_OBJC_WEAK = YES;
				CLANG_WARN_BLOCK_CAPTURE_AUTORELEASING = YES;
				CLANG_WARN_BOOL_CONVERSION = YES;
				CLANG_WARN_COMMA = YES;
				CLANG_WARN_CONSTANT_CONVERSION = YES;
				CLANG_WARN_DEPRECATED_OBJC_IMPLEMENTATIONS = YES;
				CLANG_WARN_DIRECT_OBJC_ISA_USAGE = YES_ERROR;
				CLANG_WARN_DOCUMENTATION_COMMENTS = YES;
				CLANG_WARN_EMPTY_BODY = YES;
				CLANG_WARN_ENUM_CONVERSION = YES;
				CLANG_WARN_INFINITE_RECURSION = YES;
				CLANG_WARN_INT_CONVERSION = YES;
				CLANG_WARN_NON_LITERAL_NULL_CONVERSION = YES;
				CLANG_WARN_OBJC_IMPLICIT_RETAIN_SELF = YES;
				CLANG_WARN_OBJC_LITERAL_CONVERSION = YES;
				CLANG_WARN_OBJC_ROOT_CLASS = YES_ERROR;
				CLANG_WARN_QUOTED_INCLUDE_IN_FRAMEWORK_HEADER = YES;
				CLANG_WARN_RANGE_LOOP_ANALYSIS = YES;
				CLANG_WARN_STRICT_PROTOTYPES = YES;
				CLANG_WARN_SUSPICIOUS_MOVE = YES;
				CLANG_WARN_UNGUARDED_AVAILABILITY = YES_AGGRESSIVE;
				CLANG_WARN_UNREACHABLE_CODE = YES;
				CLANG_WARN__DUPLICATE_METHOD_MATCH = YES;
				COPY_PHASE_STRIP = NO;
				DEBUG_INFORMATION_FORMAT = dwarf;
				ENABLE_STRICT_OBJC_MSGSEND = YES;
				ENABLE_TESTABILITY = YES;
				GCC_C_LANGUAGE_STANDARD = gnu11;
				GCC_DYNAMIC_NO_PIC = NO;
				GCC_NO_COMMON_BLOCKS = YES;
				GCC_OPTIMIZATION_LEVEL = 0;
				GCC_PREPROCESSOR_DEFINITIONS = (
					"DEBUG=1",
					"$(inherited)",
				);
				GCC_WARN_64_TO_32_BIT_CONVERSION = YES;
				GCC_WARN_ABOUT_RETURN_TYPE = YES_ERROR;
				GCC_WARN_UNDECLARED_SELECTOR = YES;
				GCC_WARN_UNINITIALIZED_AUTOS = YES_AGGRESSIVE;
				GCC_WARN_UNUSED_FUNCTION = YES;
				GCC_WARN_UNUSED_VARIABLE = YES;
				IPHONEOS_DEPLOYMENT_TARGET = 15.0;
				MTL_ENABLE_DEBUG_INFO = INCLUDE_SOURCE;
				MTL_FAST_MATH = YES;
				ONLY_ACTIVE_ARCH = YES;
				SDKROOT = iphoneos;
				SWIFT_ACTIVE_COMPILATION_CONDITIONS = DEBUG;
				SWIFT_OPTIMIZATION_LEVEL = "-Onone";
			};
			name = Debug;
		};
		EA3F496427268CA00055292D /* Release */ = {
			isa = XCBuildConfiguration;
			buildSettings = {
				ALWAYS_SEARCH_USER_PATHS = NO;
				CLANG_ANALYZER_NONNULL = YES;
				CLANG_ANALYZER_NUMBER_OBJECT_CONVERSION = YES_AGGRESSIVE;
				CLANG_CXX_LANGUAGE_STANDARD = "gnu++17";
				CLANG_CXX_LIBRARY = "libc++";
				CLANG_ENABLE_MODULES = YES;
				CLANG_ENABLE_OBJC_ARC = YES;
				CLANG_ENABLE_OBJC_WEAK = YES;
				CLANG_WARN_BLOCK_CAPTURE_AUTORELEASING = YES;
				CLANG_WARN_BOOL_CONVERSION = YES;
				CLANG_WARN_COMMA = YES;
				CLANG_WARN_CONSTANT_CONVERSION = YES;
				CLANG_WARN_DEPRECATED_OBJC_IMPLEMENTATIONS = YES;
				CLANG_WARN_DIRECT_OBJC_ISA_USAGE = YES_ERROR;
				CLANG_WARN_DOCUMENTATION_COMMENTS = YES;
				CLANG_WARN_EMPTY_BODY = YES;
				CLANG_WARN_ENUM_CONVERSION = YES;
				CLANG_WARN_INFINITE_RECURSION = YES;
				CLANG_WARN_INT_CONVERSION = YES;
				CLANG_WARN_NON_LITERAL_NULL_CONVERSION = YES;
				CLANG_WARN_OBJC_IMPLICIT_RETAIN_SELF = YES;
				CLANG_WARN_OBJC_LITERAL_CONVERSION = YES;
				CLANG_WARN_OBJC_ROOT_CLASS = YES_ERROR;
				CLANG_WARN_QUOTED_INCLUDE_IN_FRAMEWORK_HEADER = YES;
				CLANG_WARN_RANGE_LOOP_ANALYSIS = YES;
				CLANG_WARN_STRICT_PROTOTYPES = YES;
				CLANG_WARN_SUSPICIOUS_MOVE = YES;
				CLANG_WARN_UNGUARDED_AVAILABILITY = YES_AGGRESSIVE;
				CLANG_WARN_UNREACHABLE_CODE = YES;
				CLANG_WARN__DUPLICATE_METHOD_MATCH = YES;
				COPY_PHASE_STRIP = NO;
				DEBUG_INFORMATION_FORMAT = "dwarf-with-dsym";
				ENABLE_NS_ASSERTIONS = NO;
				ENABLE_STRICT_OBJC_MSGSEND = YES;
				GCC_C_LANGUAGE_STANDARD = gnu11;
				GCC_NO_COMMON_BLOCKS = YES;
				GCC_WARN_64_TO_32_BIT_CONVERSION = YES;
				GCC_WARN_ABOUT_RETURN_TYPE = YES_ERROR;
				GCC_WARN_UNDECLARED_SELECTOR = YES;
				GCC_WARN_UNINITIALIZED_AUTOS = YES_AGGRESSIVE;
				GCC_WARN_UNUSED_FUNCTION = YES;
				GCC_WARN_UNUSED_VARIABLE = YES;
				IPHONEOS_DEPLOYMENT_TARGET = 15.0;
				MTL_ENABLE_DEBUG_INFO = NO;
				MTL_FAST_MATH = YES;
				SDKROOT = iphoneos;
				SWIFT_COMPILATION_MODE = wholemodule;
				SWIFT_OPTIMIZATION_LEVEL = "-O";
				VALIDATE_PRODUCT = YES;
			};
			name = Release;
		};
		EA3F496627268CA00055292D /* Debug */ = {
			isa = XCBuildConfiguration;
			buildSettings = {
				ASSETCATALOG_COMPILER_APPICON_NAME = AppIcon;
				ASSETCATALOG_COMPILER_GLOBAL_ACCENT_COLOR_NAME = AccentColor;
				CODE_SIGN_STYLE = Automatic;
				CURRENT_PROJECT_VERSION = 1;
				DEVELOPMENT_TEAM = B5MHTW4TA8;
				GENERATE_INFOPLIST_FILE = YES;
				INFOPLIST_FILE = incredible_trata/Resource/Info.plist;
				INFOPLIST_KEY_UIApplicationSupportsIndirectInputEvents = YES;
				INFOPLIST_KEY_UILaunchStoryboardName = LaunchScreen;
				INFOPLIST_KEY_UISupportedInterfaceOrientations_iPad = "UIInterfaceOrientationPortrait UIInterfaceOrientationPortraitUpsideDown UIInterfaceOrientationLandscapeLeft UIInterfaceOrientationLandscapeRight";
				INFOPLIST_KEY_UISupportedInterfaceOrientations_iPhone = "UIInterfaceOrientationPortrait UIInterfaceOrientationLandscapeLeft UIInterfaceOrientationLandscapeRight";
				LD_RUNPATH_SEARCH_PATHS = (
					"$(inherited)",
					"@executable_path/Frameworks",
				);
				MARKETING_VERSION = 1.0;
				PRODUCT_BUNDLE_IDENTIFIER = "Sberbank.incredible-trata";
				PRODUCT_NAME = "$(TARGET_NAME)";
				SWIFT_EMIT_LOC_STRINGS = YES;
				SWIFT_VERSION = 5.0;
				TARGETED_DEVICE_FAMILY = "1,2";
			};
			name = Debug;
		};
		EA3F496727268CA00055292D /* Release */ = {
			isa = XCBuildConfiguration;
			buildSettings = {
				ASSETCATALOG_COMPILER_APPICON_NAME = AppIcon;
				ASSETCATALOG_COMPILER_GLOBAL_ACCENT_COLOR_NAME = AccentColor;
				CODE_SIGN_STYLE = Automatic;
				CURRENT_PROJECT_VERSION = 1;
				DEVELOPMENT_TEAM = B5MHTW4TA8;
				GENERATE_INFOPLIST_FILE = YES;
				INFOPLIST_FILE = incredible_trata/Resource/Info.plist;
				INFOPLIST_KEY_UIApplicationSupportsIndirectInputEvents = YES;
				INFOPLIST_KEY_UILaunchStoryboardName = LaunchScreen;
				INFOPLIST_KEY_UISupportedInterfaceOrientations_iPad = "UIInterfaceOrientationPortrait UIInterfaceOrientationPortraitUpsideDown UIInterfaceOrientationLandscapeLeft UIInterfaceOrientationLandscapeRight";
				INFOPLIST_KEY_UISupportedInterfaceOrientations_iPhone = "UIInterfaceOrientationPortrait UIInterfaceOrientationLandscapeLeft UIInterfaceOrientationLandscapeRight";
				LD_RUNPATH_SEARCH_PATHS = (
					"$(inherited)",
					"@executable_path/Frameworks",
				);
				MARKETING_VERSION = 1.0;
				PRODUCT_BUNDLE_IDENTIFIER = "Sberbank.incredible-trata";
				PRODUCT_NAME = "$(TARGET_NAME)";
				SWIFT_EMIT_LOC_STRINGS = YES;
				SWIFT_VERSION = 5.0;
				TARGETED_DEVICE_FAMILY = "1,2";
			};
			name = Release;
		};
		EA3F496927268CA00055292D /* Debug */ = {
			isa = XCBuildConfiguration;
			buildSettings = {
				ALWAYS_EMBED_SWIFT_STANDARD_LIBRARIES = YES;
				BUNDLE_LOADER = "$(TEST_HOST)";
				CODE_SIGN_STYLE = Automatic;
				CURRENT_PROJECT_VERSION = 1;
				DEVELOPMENT_TEAM = B5MHTW4TA8;
				GENERATE_INFOPLIST_FILE = YES;
				IPHONEOS_DEPLOYMENT_TARGET = 15.0;
				LD_RUNPATH_SEARCH_PATHS = (
					"$(inherited)",
					"@executable_path/Frameworks",
					"@loader_path/Frameworks",
				);
				MARKETING_VERSION = 1.0;
				PRODUCT_BUNDLE_IDENTIFIER = "Sberbank.incredible-trataTests";
				PRODUCT_NAME = "$(TARGET_NAME)";
				SWIFT_EMIT_LOC_STRINGS = NO;
				SWIFT_VERSION = 5.0;
				TARGETED_DEVICE_FAMILY = "1,2";
				TEST_HOST = "$(BUILT_PRODUCTS_DIR)/incredible_trata.app/incredible_trata";
			};
			name = Debug;
		};
		EA3F496A27268CA00055292D /* Release */ = {
			isa = XCBuildConfiguration;
			buildSettings = {
				ALWAYS_EMBED_SWIFT_STANDARD_LIBRARIES = YES;
				BUNDLE_LOADER = "$(TEST_HOST)";
				CODE_SIGN_STYLE = Automatic;
				CURRENT_PROJECT_VERSION = 1;
				DEVELOPMENT_TEAM = B5MHTW4TA8;
				GENERATE_INFOPLIST_FILE = YES;
				IPHONEOS_DEPLOYMENT_TARGET = 15.0;
				LD_RUNPATH_SEARCH_PATHS = (
					"$(inherited)",
					"@executable_path/Frameworks",
					"@loader_path/Frameworks",
				);
				MARKETING_VERSION = 1.0;
				PRODUCT_BUNDLE_IDENTIFIER = "Sberbank.incredible-trataTests";
				PRODUCT_NAME = "$(TARGET_NAME)";
				SWIFT_EMIT_LOC_STRINGS = NO;
				SWIFT_VERSION = 5.0;
				TARGETED_DEVICE_FAMILY = "1,2";
				TEST_HOST = "$(BUILT_PRODUCTS_DIR)/incredible_trata.app/incredible_trata";
			};
			name = Release;
		};
		EA3F496C27268CA00055292D /* Debug */ = {
			isa = XCBuildConfiguration;
			buildSettings = {
				ALWAYS_EMBED_SWIFT_STANDARD_LIBRARIES = YES;
				CODE_SIGN_STYLE = Automatic;
				CURRENT_PROJECT_VERSION = 1;
				DEVELOPMENT_TEAM = B5MHTW4TA8;
				GENERATE_INFOPLIST_FILE = YES;
				LD_RUNPATH_SEARCH_PATHS = (
					"$(inherited)",
					"@executable_path/Frameworks",
					"@loader_path/Frameworks",
				);
				MARKETING_VERSION = 1.0;
				PRODUCT_BUNDLE_IDENTIFIER = "Sberbank.incredible-trataUITests";
				PRODUCT_NAME = "$(TARGET_NAME)";
				SWIFT_EMIT_LOC_STRINGS = NO;
				SWIFT_VERSION = 5.0;
				TARGETED_DEVICE_FAMILY = "1,2";
				TEST_TARGET_NAME = incredible_trata;
			};
			name = Debug;
		};
		EA3F496D27268CA00055292D /* Release */ = {
			isa = XCBuildConfiguration;
			buildSettings = {
				ALWAYS_EMBED_SWIFT_STANDARD_LIBRARIES = YES;
				CODE_SIGN_STYLE = Automatic;
				CURRENT_PROJECT_VERSION = 1;
				DEVELOPMENT_TEAM = B5MHTW4TA8;
				GENERATE_INFOPLIST_FILE = YES;
				LD_RUNPATH_SEARCH_PATHS = (
					"$(inherited)",
					"@executable_path/Frameworks",
					"@loader_path/Frameworks",
				);
				MARKETING_VERSION = 1.0;
				PRODUCT_BUNDLE_IDENTIFIER = "Sberbank.incredible-trataUITests";
				PRODUCT_NAME = "$(TARGET_NAME)";
				SWIFT_EMIT_LOC_STRINGS = NO;
				SWIFT_VERSION = 5.0;
				TARGETED_DEVICE_FAMILY = "1,2";
				TEST_TARGET_NAME = incredible_trata;
			};
			name = Release;
		};
/* End XCBuildConfiguration section */

/* Begin XCConfigurationList section */
		EA3F493327268C9D0055292D /* Build configuration list for PBXProject "incredible_trata" */ = {
			isa = XCConfigurationList;
			buildConfigurations = (
				EA3F496327268CA00055292D /* Debug */,
				EA3F496427268CA00055292D /* Release */,
			);
			defaultConfigurationIsVisible = 0;
			defaultConfigurationName = Release;
		};
		EA3F496527268CA00055292D /* Build configuration list for PBXNativeTarget "incredible_trata" */ = {
			isa = XCConfigurationList;
			buildConfigurations = (
				EA3F496627268CA00055292D /* Debug */,
				EA3F496727268CA00055292D /* Release */,
			);
			defaultConfigurationIsVisible = 0;
			defaultConfigurationName = Release;
		};
		EA3F496827268CA00055292D /* Build configuration list for PBXNativeTarget "incredible_trataTests" */ = {
			isa = XCConfigurationList;
			buildConfigurations = (
				EA3F496927268CA00055292D /* Debug */,
				EA3F496A27268CA00055292D /* Release */,
			);
			defaultConfigurationIsVisible = 0;
			defaultConfigurationName = Release;
		};
		EA3F496B27268CA00055292D /* Build configuration list for PBXNativeTarget "incredible_trataUITests" */ = {
			isa = XCConfigurationList;
			buildConfigurations = (
				EA3F496C27268CA00055292D /* Debug */,
				EA3F496D27268CA00055292D /* Release */,
			);
			defaultConfigurationIsVisible = 0;
			defaultConfigurationName = Release;
		};
/* End XCConfigurationList section */

/* Begin XCVersionGroup section */
		EA3F494427268C9D0055292D /* incredible_trata.xcdatamodeld */ = {
			isa = XCVersionGroup;
			children = (
				EA3F494527268C9D0055292D /* incredible_trata.xcdatamodel */,
			);
			currentVersion = EA3F494527268C9D0055292D /* incredible_trata.xcdatamodel */;
			path = incredible_trata.xcdatamodeld;
			sourceTree = "<group>";
			versionGroupType = wrapper.xcdatamodel;
		};
/* End XCVersionGroup section */
	};
	rootObject = EA3F493027268C9D0055292D /* Project object */;
}
